# @generated by Move, please check-in and do not edit manually.

[move]
version = 3
manifest_digest = "50053670FAC019FA31C8C4434C418C8D8455278683FA11E3A50E07DC1C1ECF9A"
deps_digest = "397E6A9F7A624706DBDFEE056CE88391A15876868FD18A88504DA74EB458D697"
dependencies = [
  { id = "Bridge", name = "Bridge" },
  { id = "MoveStdlib", name = "MoveStdlib" },
  { id = "Sui", name = "Sui" },
  { id = "SuiSystem", name = "SuiSystem" },
  { id = "nerge_math_lib", name = "nerge_math_lib" },
]

[[move.package]]
id = "Bridge"
source = { git = "https://github.com/MystenLabs/sui.git", rev = "4e8b6eda7d6411d80c62f39ac8a4f028e8d174c4", subdir = "crates/sui-framework/packages/bridge" }

dependencies = [
  { id = "MoveStdlib", name = "MoveStdlib" },
  { id = "Sui", name = "Sui" },
  { id = "SuiSystem", name = "SuiSystem" },
]

[[move.package]]
id = "MoveStdlib"
source = { git = "https://github.com/MystenLabs/sui.git", rev = "4e8b6eda7d6411d80c62f39ac8a4f028e8d174c4", subdir = "crates/sui-framework/packages/move-stdlib" }

[[move.package]]
id = "Sui"
source = { git = "https://github.com/MystenLabs/sui.git", rev = "4e8b6eda7d6411d80c62f39ac8a4f028e8d174c4", subdir = "crates/sui-framework/packages/sui-framework" }

dependencies = [
  { id = "MoveStdlib", name = "MoveStdlib" },
]

[[move.package]]
id = "SuiSystem"
source = { git = "https://github.com/MystenLabs/sui.git", rev = "4e8b6eda7d6411d80c62f39ac8a4f028e8d174c4", subdir = "crates/sui-framework/packages/sui-system" }

dependencies = [
  { id = "MoveStdlib", name = "MoveStdlib" },
  { id = "Sui", name = "Sui" },
]

[[move.package]]
id = "nerge_math_lib"
source = { local = "../nerge_math_lib" }

dependencies = [
  { id = "Bridge", name = "Bridge" },
  { id = "MoveStdlib", name = "MoveStdlib" },
  { id = "Sui", name = "Sui" },
  { id = "SuiSystem", name = "SuiSystem" },
]

[move.toolchain-version]
compiler-version = "1.58.2"
edition = "2024.beta"
flavor = "sui"

[env]

[env.devnet]
chain-id = "fd002ee3"
original-published-id = "0xd6ba66136cd776439e4548ba0503132dd2ad06173eb659528feaf2e9890c4db5"
latest-published-id = "0xd6ba66136cd776439e4548ba0503132dd2ad06173eb659528feaf2e9890c4db5"
published-version = "1"
